# This file is automatically @generated by Cargo.
# It is not intended for manual editing.
version = 3

[[package]]
name = "beef"
version = "0.5.2"
source = "registry+https://github.com/rust-lang/crates.io-index"
checksum = "3a8241f3ebb85c056b509d4327ad0358fbbba6ffb340bf388f26350aeda225b1"

[[package]]
name = "colored"
version = "2.1.0"
source = "registry+https://github.com/rust-lang/crates.io-index"
checksum = "cbf2150cce219b664a8a70df7a1f933836724b503f8a413af9365b4dcc4d90b8"
dependencies = [
 "lazy_static",
 "windows-sys",
]

[[package]]
name = "crossbeam-deque"
version = "0.8.5"
source = "registry+https://github.com/rust-lang/crates.io-index"
checksum = "613f8cc01fe9cf1a3eb3d7f488fd2fa8388403e97039e2f73692932e291a770d"
dependencies = [
 "crossbeam-epoch",
 "crossbeam-utils",
]

[[package]]
name = "crossbeam-epoch"
version = "0.9.18"
source = "registry+https://github.com/rust-lang/crates.io-index"
checksum = "5b82ac4a3c2ca9c3460964f020e1402edd5753411d7737aa39c3714ad1b5420e"
dependencies = [
 "crossbeam-utils",
]

[[package]]
name = "crossbeam-utils"
version = "0.8.19"
source = "registry+https://github.com/rust-lang/crates.io-index"
checksum = "248e3bacc7dc6baa3b21e405ee045c3047101a49145e7e9eca583ab4c2ca5345"

[[package]]
name = "either"
version = "1.9.0"
source = "registry+https://github.com/rust-lang/crates.io-index"
checksum = "a26ae43d7bcc3b814de94796a5e736d4029efb0ee900c12e2d54c993ad1a1e07"

[[package]]
name = "fnv"
version = "1.0.7"
source = "registry+https://github.com/rust-lang/crates.io-index"
checksum = "3f9eec918d3f24069decb9af1554cad7c880e2da24a9afd88aca000531ab82c1"

[[package]]
name = "goldentests"
version = "1.1.1"
source = "registry+https://github.com/rust-lang/crates.io-index"
checksum = "8476785a67758ffc17be1d41009468ef27fb96b5211c9d375a4356bf891dcbc5"
dependencies = [
 "colored",
 "rayon",
 "shlex",
 "similar",
]

[[package]]
name = "gumdrop"
version = "0.8.1"
source = "registry+https://github.com/rust-lang/crates.io-index"
checksum = "5bc700f989d2f6f0248546222d9b4258f5b02a171a431f8285a81c08142629e3"
dependencies = [
 "gumdrop_derive",
]

[[package]]
name = "gumdrop_derive"
version = "0.8.1"
source = "registry+https://github.com/rust-lang/crates.io-index"
checksum = "729f9bd3449d77e7831a18abfb7ba2f99ee813dfd15b8c2167c9a54ba20aa99d"
dependencies = [
 "proc-macro2",
 "quote",
 "syn 1.0.104",
]

[[package]]
name = "lazy_static"
version = "1.4.0"
source = "registry+https://github.com/rust-lang/crates.io-index"
checksum = "e2abad23fbc42b3700f2f279844dc832adb2b2eb069b2df918f455c4e18cc646"

[[package]]
name = "logos"
version = "0.13.0"
source = "registry+https://github.com/rust-lang/crates.io-index"
checksum = "c000ca4d908ff18ac99b93a062cb8958d331c3220719c52e77cb19cc6ac5d2c1"
dependencies = [
 "logos-derive",
]

[[package]]
name = "logos-codegen"
version = "0.13.0"
source = "registry+https://github.com/rust-lang/crates.io-index"
checksum = "dc487311295e0002e452025d6b580b77bb17286de87b57138f3b5db711cded68"
dependencies = [
 "beef",
 "fnv",
 "proc-macro2",
 "quote",
 "regex-syntax",
 "syn 2.0.44",
]

[[package]]
name = "logos-derive"
version = "0.13.0"
source = "registry+https://github.com/rust-lang/crates.io-index"
checksum = "dbfc0d229f1f42d790440136d941afd806bc9e949e2bcb8faa813b0f00d1267e"
dependencies = [
 "logos-codegen",
]

[[package]]
name = "proc-macro2"
version = "1.0.73"
source = "registry+https://github.com/rust-lang/crates.io-index"
checksum = "2dd5e8a1f1029c43224ad5898e50140c2aebb1705f19e67c918ebf5b9e797fe1"
dependencies = [
 "unicode-ident",
]

[[package]]
name = "quote"
version = "1.0.34"
source = "registry+https://github.com/rust-lang/crates.io-index"
checksum = "22a37c9326af5ed140c86a46655b5278de879853be5573c01df185b6f49a580a"
dependencies = [
 "proc-macro2",
]

[[package]]
name = "rayon"
version = "1.8.0"
source = "registry+https://github.com/rust-lang/crates.io-index"
checksum = "9c27db03db7734835b3f53954b534c91069375ce6ccaa2e065441e07d9b6cdb1"
dependencies = [
 "either",
 "rayon-core",
]

[[package]]
name = "rayon-core"
version = "1.12.0"
source = "registry+https://github.com/rust-lang/crates.io-index"
checksum = "5ce3fb6ad83f861aac485e76e1985cd109d9a3713802152be56c3b1f0e0658ed"
dependencies = [
 "crossbeam-deque",
 "crossbeam-utils",
]

[[package]]
name = "regex-syntax"
version = "0.6.28"
source = "registry+https://github.com/rust-lang/crates.io-index"
checksum = "456c603be3e8d448b072f410900c09faf164fbce2d480456f50eea6e25f9c848"

[[package]]
name = "shlex"
version = "1.2.0"
source = "registry+https://github.com/rust-lang/crates.io-index"
checksum = "a7cee0529a6d40f580e7a5e6c495c8fbfe21b7b52795ed4bb5e62cdf92bc6380"

[[package]]
name = "similar"
version = "2.2.1"
source = "registry+https://github.com/rust-lang/crates.io-index"
checksum = "420acb44afdae038210c99e69aae24109f32f15500aa708e81d46c9f29d55fcf"

[[package]]
name = "sylt-lang"
version = "0.3.0"
dependencies = [
 "goldentests",
 "gumdrop",
 "logos",
]

[[package]]
name = "syn"
version = "1.0.104"
source = "registry+https://github.com/rust-lang/crates.io-index"
checksum = "4ae548ec36cf198c0ef7710d3c230987c2d6d7bd98ad6edc0274462724c585ce"
dependencies = [
 "proc-macro2",
 "quote",
 "unicode-ident",
]

[[package]]
name = "syn"
version = "2.0.44"
source = "registry+https://github.com/rust-lang/crates.io-index"
checksum = "92d27c2c202598d05175a6dd3af46824b7f747f8d8e9b14c623f19fa5069735d"
dependencies = [
 "proc-macro2",
 "quote",
 "unicode-ident",
]

[[package]]
name = "unicode-ident"
version = "1.0.5"
source = "registry+https://github.com/rust-lang/crates.io-index"
checksum = "6ceab39d59e4c9499d4e5a8ee0e2735b891bb7308ac83dfb4e80cad195c9f6f3"

[[package]]
name = "windows-sys"
version = "0.48.0"
source = "registry+https://github.com/rust-lang/crates.io-index"
checksum = "677d2418bec65e3338edb076e806bc1ec15693c5d0104683f2efe857f61056a9"
dependencies = [
 "windows-targets",
]

[[package]]
name = "windows-targets"
version = "0.48.5"
source = "registry+https://github.com/rust-lang/crates.io-index"
checksum = "9a2fa6e2155d7247be68c096456083145c183cbbbc2764150dda45a87197940c"
dependencies = [
 "windows_aarch64_gnullvm",
 "windows_aarch64_msvc",
 "windows_i686_gnu",
 "windows_i686_msvc",
 "windows_x86_64_gnu",
 "windows_x86_64_gnullvm",
 "windows_x86_64_msvc",
]

[[package]]
name = "windows_aarch64_gnullvm"
version = "0.48.5"
source = "registry+https://github.com/rust-lang/crates.io-index"
checksum = "2b38e32f0abccf9987a4e3079dfb67dcd799fb61361e53e2882c3cbaf0d905d8"

[[package]]
name = "windows_aarch64_msvc"
version = "0.48.5"
source = "registry+https://github.com/rust-lang/crates.io-index"
checksum = "dc35310971f3b2dbbf3f0690a219f40e2d9afcf64f9ab7cc1be722937c26b4bc"

[[package]]
name = "windows_i686_gnu"
version = "0.48.5"
source = "registry+https://github.com/rust-lang/crates.io-index"
checksum = "a75915e7def60c94dcef72200b9a8e58e5091744960da64ec734a6c6e9b3743e"

[[package]]
name = "windows_i686_msvc"
version = "0.48.5"
source = "registry+https://github.com/rust-lang/crates.io-index"
checksum = "8f55c233f70c4b27f66c523580f78f1004e8b5a8b659e05a4eb49d4166cca406"

[[package]]
name = "windows_x86_64_gnu"
version = "0.48.5"
source = "registry+https://github.com/rust-lang/crates.io-index"
checksum = "53d40abd2583d23e4718fddf1ebec84dbff8381c07cae67ff7768bbf19c6718e"

[[package]]
name = "windows_x86_64_gnullvm"
version = "0.48.5"
source = "registry+https://github.com/rust-lang/crates.io-index"
checksum = "0b7b52767868a23d5bab768e390dc5f5c55825b6d30b86c844ff2dc7414044cc"

[[package]]
name = "windows_x86_64_msvc"
version = "0.48.5"
source = "registry+https://github.com/rust-lang/crates.io-index"
checksum = "ed94fce61571a4006852b7389a063ab983c02eb1bb37b47f8272ce92d06d9538"
